{
  "nodes": {
    "nixpkgs": {
      "locked": {
        "lastModified": 1781577229,
        "narHash": "sha256-lrp67w8AulE9Ks53n27I45ADSzbOCn4H+CNW1Ck8B+8=",
        "owner": "nixos",
        "repo": "nixpkgs",
        "rev": "567a49d1913ce81ac6e9582e3553dd90a955875f",
        "type": "github"
      },
      "original": {
        "owner": "nixos",
        "ref": "nixos-unstable",
        "repo": "nixpkgs",
        "type": "github"
      }
    },
    "root": {
      "inputs": {
        "nixpkgs": "nixpkgs",
        "scas": "scas"
      }
    },
    "scas": {
      "inputs": {
        "nixpkgs": [
          "nixpkgs"
        ]
      },
      "locked": {
        "lastModified": 1782219707,
        "narHash": "sha256-Gim6AsssX/xadYLfhhpqyZfFcAZj/LlXK00ZwbIhrMc=",
        "owner": "markuskowa",
        "repo": "scas",
        "rev": "4c40eb5bcd8c573337ee2b1dc8e29473f24fb102",
        "type": "github"
      },
      "original": {
        "owner": "markuskowa",
        "repo": "scas",
        "type": "github"
      }
    }
  },
  "root": "root",
  "version": 7
}
