{
  "nodes": {
    "nixpkgs": {
      "locked": {
        "lastModified": 1739736696,
        "narHash": "sha256-zON2GNBkzsIyALlOCFiEBcIjI4w38GYOb+P+R4S8Jsw=",
        "owner": "nixos",
        "repo": "nixpkgs",
        "rev": "d74a2335ac9c133d6bbec9fc98d91a77f1604c1f",
        "type": "github"
      },
      "original": {
        "owner": "nixos",
        "ref": "nixos-unstable",
        "repo": "nixpkgs",
        "type": "github"
      }
    },
    "root": {
      "inputs": {
        "nixpkgs": "nixpkgs",
        "scas": "scas"
      }
    },
    "scas": {
      "inputs": {
        "nixpkgs": [
          "nixpkgs"
        ]
      },
      "locked": {
        "lastModified": 1741022071,
        "narHash": "sha256-FLKTjcco3DY5l7v6SjTFbhBXlN7zOFo8c3lXzftARNo=",
        "owner": "markuskowa",
        "repo": "scas",
        "rev": "74fc3c7f342ea7041f4bb5afa87c5b856f75ecd8",
        "type": "github"
      },
      "original": {
        "owner": "markuskowa",
        "repo": "scas",
        "type": "github"
      }
    }
  },
  "root": "root",
  "version": 7
}
